
Microsoft Visual Studio Solution File, Format Version 12.00
# Visual Studio Version 17
VisualStudioVersion = 17.7.34221.43
MinimumVisualStudioVersion = 10.0.40219.1
Project("{8BC9CEB8-8B4A-11D0-8D11-00A0C91BC942}") = "Program", "Program.vcxproj", "{66026654-8B1D-40D2-ABD6-CA5A2987D6FA}"
EndProject
Project("{8BC9CEB8-8B4A-11D0-8D11-00A0C91BC942}") = "Class1st (Stream)", "..\Class1st (Stream)\Class1st (Stream).vcxproj", "{33835119-E859-4949-8D7E-56E0EE09AC4B}"
EndProject
Project("{8BC9CEB8-8B4A-11D0-8D11-00A0C91BC942}") = "Class2nd (Class)", "..\Class2nd (Class)\Class2nd (Class).vcxproj", "{D90CDB16-F89E-40D0-B26E-CB1413ED8D8E}"
EndProject
Project("{8BC9CEB8-8B4A-11D0-8D11-00A0C91BC942}") = "Class3rd (Constructor & Destructor)", "..\Class3rd (Constructor & Destructor)\Class3rd (Constructor & Destructor).vcxproj", "{DBC91444-F457-4269-8BE0-042644D03DD7}"
EndProject
Project("{8BC9CEB8-8B4A-11D0-8D11-00A0C91BC942}") = "Class4th(Inheritance)", "..\Class4th(Inheritance)\Class4th(Inheritance).vcxproj", "{677C44A3-C1EE-4E56-97E7-1BC8B2ACAF1C}"
EndProject
Project("{8BC9CEB8-8B4A-11D0-8D11-00A0C91BC942}") = "Class7th(Multiple Inheritance)", "..\Class7th(Multiple Inheritance)\Class7th(Multiple Inheritance).vcxproj", "{9A1588D1-51B8-474F-907E-95473466A1C9}"
EndProject
Project("{8BC9CEB8-8B4A-11D0-8D11-00A0C91BC942}") = "Class8th(Object Slice)", "..\Class8th(Object Slice)\Class8th(Object Slice).vcxproj", "{F4F49A03-C36B-44E0-91D1-334CAF03F6DA}"
EndProject
Project("{8BC9CEB8-8B4A-11D0-8D11-00A0C91BC942}") = "Class9th(Operator Overloading)", "..\Class9th(Operator Overloading)\Class9th(Operator Overloading).vcxproj", "{43840219-304C-4F4D-A4EE-27AF0B33AABB}"
EndProject
Project("{8BC9CEB8-8B4A-11D0-8D11-00A0C91BC942}") = "Class10th(Friend)", "..\Class10th(Friend)\Class10th(Friend).vcxproj", "{606201A3-DBA0-4A76-A5FB-61C344F31AB7}"
EndProject
Project("{8BC9CEB8-8B4A-11D0-8D11-00A0C91BC942}") = "Class11th(Smart Pointer)", "..\Class11th(Smart Pointer)\Class11th(Smart Pointer).vcxproj", "{2101799E-B534-49C3-B2DC-A4B5C670E56E}"
EndProject
Project("{8BC9CEB8-8B4A-11D0-8D11-00A0C91BC942}") = "Class12th(Template)", "..\Class12th(Template)\Class12th(Template).vcxproj", "{B2EDBDFC-7484-4CCD-B201-FF600407E002}"
EndProject
Project("{8BC9CEB8-8B4A-11D0-8D11-00A0C91BC942}") = "Class13th(Linear Container)", "..\Class13th(Linear Container)\Class13th(Linear Container).vcxproj", "{3C85D732-5C22-4F0B-82A0-791E99E1C623}"
EndProject
Project("{8BC9CEB8-8B4A-11D0-8D11-00A0C91BC942}") = "Class14th(Container Adapter)", "..\Class14th(Container Adapter)\Class14th(Container Adapter).vcxproj", "{22F0BF5F-53FE-45B7-BAA1-07D72B09865F}"
EndProject
Global
	GlobalSection(SolutionConfigurationPlatforms) = preSolution
		Debug|x64 = Debug|x64
		Debug|x86 = Debug|x86
		Release|x64 = Release|x64
		Release|x86 = Release|x86
	EndGlobalSection
	GlobalSection(ProjectConfigurationPlatforms) = postSolution
		{66026654-8B1D-40D2-ABD6-CA5A2987D6FA}.Debug|x64.ActiveCfg = Debug|x64
		{66026654-8B1D-40D2-ABD6-CA5A2987D6FA}.Debug|x64.Build.0 = Debug|x64
		{66026654-8B1D-40D2-ABD6-CA5A2987D6FA}.Debug|x86.ActiveCfg = Debug|Win32
		{66026654-8B1D-40D2-ABD6-CA5A2987D6FA}.Debug|x86.Build.0 = Debug|Win32
		{66026654-8B1D-40D2-ABD6-CA5A2987D6FA}.Release|x64.ActiveCfg = Release|x64
		{66026654-8B1D-40D2-ABD6-CA5A2987D6FA}.Release|x64.Build.0 = Release|x64
		{66026654-8B1D-40D2-ABD6-CA5A2987D6FA}.Release|x86.ActiveCfg = Release|Win32
		{66026654-8B1D-40D2-ABD6-CA5A2987D6FA}.Release|x86.Build.0 = Release|Win32
		{33835119-E859-4949-8D7E-56E0EE09AC4B}.Debug|x64.ActiveCfg = Debug|x64
		{33835119-E859-4949-8D7E-56E0EE09AC4B}.Debug|x64.Build.0 = Debug|x64
		{33835119-E859-4949-8D7E-56E0EE09AC4B}.Debug|x86.ActiveCfg = Debug|Win32
		{33835119-E859-4949-8D7E-56E0EE09AC4B}.Debug|x86.Build.0 = Debug|Win32
		{33835119-E859-4949-8D7E-56E0EE09AC4B}.Release|x64.ActiveCfg = Release|x64
		{33835119-E859-4949-8D7E-56E0EE09AC4B}.Release|x64.Build.0 = Release|x64
		{33835119-E859-4949-8D7E-56E0EE09AC4B}.Release|x86.ActiveCfg = Release|Win32
		{33835119-E859-4949-8D7E-56E0EE09AC4B}.Release|x86.Build.0 = Release|Win32
		{D90CDB16-F89E-40D0-B26E-CB1413ED8D8E}.Debug|x64.ActiveCfg = Debug|x64
		{D90CDB16-F89E-40D0-B26E-CB1413ED8D8E}.Debug|x64.Build.0 = Debug|x64
		{D90CDB16-F89E-40D0-B26E-CB1413ED8D8E}.Debug|x86.ActiveCfg = Debug|Win32
		{D90CDB16-F89E-40D0-B26E-CB1413ED8D8E}.Debug|x86.Build.0 = Debug|Win32
		{D90CDB16-F89E-40D0-B26E-CB1413ED8D8E}.Release|x64.ActiveCfg = Release|x64
		{D90CDB16-F89E-40D0-B26E-CB1413ED8D8E}.Release|x64.Build.0 = Release|x64
		{D90CDB16-F89E-40D0-B26E-CB1413ED8D8E}.Release|x86.ActiveCfg = Release|Win32
		{D90CDB16-F89E-40D0-B26E-CB1413ED8D8E}.Release|x86.Build.0 = Release|Win32
		{DBC91444-F457-4269-8BE0-042644D03DD7}.Debug|x64.ActiveCfg = Debug|x64
		{DBC91444-F457-4269-8BE0-042644D03DD7}.Debug|x64.Build.0 = Debug|x64
		{DBC91444-F457-4269-8BE0-042644D03DD7}.Debug|x86.ActiveCfg = Debug|Win32
		{DBC91444-F457-4269-8BE0-042644D03DD7}.Debug|x86.Build.0 = Debug|Win32
		{DBC91444-F457-4269-8BE0-042644D03DD7}.Release|x64.ActiveCfg = Release|x64
		{DBC91444-F457-4269-8BE0-042644D03DD7}.Release|x64.Build.0 = Release|x64
		{DBC91444-F457-4269-8BE0-042644D03DD7}.Release|x86.ActiveCfg = Release|Win32
		{DBC91444-F457-4269-8BE0-042644D03DD7}.Release|x86.Build.0 = Release|Win32
		{677C44A3-C1EE-4E56-97E7-1BC8B2ACAF1C}.Debug|x64.ActiveCfg = Debug|x64
		{677C44A3-C1EE-4E56-97E7-1BC8B2ACAF1C}.Debug|x64.Build.0 = Debug|x64
		{677C44A3-C1EE-4E56-97E7-1BC8B2ACAF1C}.Debug|x86.ActiveCfg = Debug|Win32
		{677C44A3-C1EE-4E56-97E7-1BC8B2ACAF1C}.Debug|x86.Build.0 = Debug|Win32
		{677C44A3-C1EE-4E56-97E7-1BC8B2ACAF1C}.Release|x64.ActiveCfg = Release|x64
		{677C44A3-C1EE-4E56-97E7-1BC8B2ACAF1C}.Release|x64.Build.0 = Release|x64
		{677C44A3-C1EE-4E56-97E7-1BC8B2ACAF1C}.Release|x86.ActiveCfg = Release|Win32
		{677C44A3-C1EE-4E56-97E7-1BC8B2ACAF1C}.Release|x86.Build.0 = Release|Win32
		{9A1588D1-51B8-474F-907E-95473466A1C9}.Debug|x64.ActiveCfg = Debug|x64
		{9A1588D1-51B8-474F-907E-95473466A1C9}.Debug|x64.Build.0 = Debug|x64
		{9A1588D1-51B8-474F-907E-95473466A1C9}.Debug|x86.ActiveCfg = Debug|Win32
		{9A1588D1-51B8-474F-907E-95473466A1C9}.Debug|x86.Build.0 = Debug|Win32
		{9A1588D1-51B8-474F-907E-95473466A1C9}.Release|x64.ActiveCfg = Release|x64
		{9A1588D1-51B8-474F-907E-95473466A1C9}.Release|x64.Build.0 = Release|x64
		{9A1588D1-51B8-474F-907E-95473466A1C9}.Release|x86.ActiveCfg = Release|Win32
		{9A1588D1-51B8-474F-907E-95473466A1C9}.Release|x86.Build.0 = Release|Win32
		{F4F49A03-C36B-44E0-91D1-334CAF03F6DA}.Debug|x64.ActiveCfg = Debug|x64
		{F4F49A03-C36B-44E0-91D1-334CAF03F6DA}.Debug|x64.Build.0 = Debug|x64
		{F4F49A03-C36B-44E0-91D1-334CAF03F6DA}.Debug|x86.ActiveCfg = Debug|Win32
		{F4F49A03-C36B-44E0-91D1-334CAF03F6DA}.Debug|x86.Build.0 = Debug|Win32
		{F4F49A03-C36B-44E0-91D1-334CAF03F6DA}.Release|x64.ActiveCfg = Release|x64
		{F4F49A03-C36B-44E0-91D1-334CAF03F6DA}.Release|x64.Build.0 = Release|x64
		{F4F49A03-C36B-44E0-91D1-334CAF03F6DA}.Release|x86.ActiveCfg = Release|Win32
		{F4F49A03-C36B-44E0-91D1-334CAF03F6DA}.Release|x86.Build.0 = Release|Win32
		{43840219-304C-4F4D-A4EE-27AF0B33AABB}.Debug|x64.ActiveCfg = Debug|x64
		{43840219-304C-4F4D-A4EE-27AF0B33AABB}.Debug|x64.Build.0 = Debug|x64
		{43840219-304C-4F4D-A4EE-27AF0B33AABB}.Debug|x86.ActiveCfg = Debug|Win32
		{43840219-304C-4F4D-A4EE-27AF0B33AABB}.Debug|x86.Build.0 = Debug|Win32
		{43840219-304C-4F4D-A4EE-27AF0B33AABB}.Release|x64.ActiveCfg = Release|x64
		{43840219-304C-4F4D-A4EE-27AF0B33AABB}.Release|x64.Build.0 = Release|x64
		{43840219-304C-4F4D-A4EE-27AF0B33AABB}.Release|x86.ActiveCfg = Release|Win32
		{43840219-304C-4F4D-A4EE-27AF0B33AABB}.Release|x86.Build.0 = Release|Win32
		{606201A3-DBA0-4A76-A5FB-61C344F31AB7}.Debug|x64.ActiveCfg = Debug|x64
		{606201A3-DBA0-4A76-A5FB-61C344F31AB7}.Debug|x64.Build.0 = Debug|x64
		{606201A3-DBA0-4A76-A5FB-61C344F31AB7}.Debug|x86.ActiveCfg = Debug|Win32
		{606201A3-DBA0-4A76-A5FB-61C344F31AB7}.Debug|x86.Build.0 = Debug|Win32
		{606201A3-DBA0-4A76-A5FB-61C344F31AB7}.Release|x64.ActiveCfg = Release|x64
		{606201A3-DBA0-4A76-A5FB-61C344F31AB7}.Release|x64.Build.0 = Release|x64
		{606201A3-DBA0-4A76-A5FB-61C344F31AB7}.Release|x86.ActiveCfg = Release|Win32
		{606201A3-DBA0-4A76-A5FB-61C344F31AB7}.Release|x86.Build.0 = Release|Win32
		{2101799E-B534-49C3-B2DC-A4B5C670E56E}.Debug|x64.ActiveCfg = Debug|x64
		{2101799E-B534-49C3-B2DC-A4B5C670E56E}.Debug|x64.Build.0 = Debug|x64
		{2101799E-B534-49C3-B2DC-A4B5C670E56E}.Debug|x86.ActiveCfg = Debug|Win32
		{2101799E-B534-49C3-B2DC-A4B5C670E56E}.Debug|x86.Build.0 = Debug|Win32
		{2101799E-B534-49C3-B2DC-A4B5C670E56E}.Release|x64.ActiveCfg = Release|x64
		{2101799E-B534-49C3-B2DC-A4B5C670E56E}.Release|x64.Build.0 = Release|x64
		{2101799E-B534-49C3-B2DC-A4B5C670E56E}.Release|x86.ActiveCfg = Release|Win32
		{2101799E-B534-49C3-B2DC-A4B5C670E56E}.Release|x86.Build.0 = Release|Win32
		{B2EDBDFC-7484-4CCD-B201-FF600407E002}.Debug|x64.ActiveCfg = Debug|x64
		{B2EDBDFC-7484-4CCD-B201-FF600407E002}.Debug|x64.Build.0 = Debug|x64
		{B2EDBDFC-7484-4CCD-B201-FF600407E002}.Debug|x86.ActiveCfg = Debug|Win32
		{B2EDBDFC-7484-4CCD-B201-FF600407E002}.Debug|x86.Build.0 = Debug|Win32
		{B2EDBDFC-7484-4CCD-B201-FF600407E002}.Release|x64.ActiveCfg = Release|x64
		{B2EDBDFC-7484-4CCD-B201-FF600407E002}.Release|x64.Build.0 = Release|x64
		{B2EDBDFC-7484-4CCD-B201-FF600407E002}.Release|x86.ActiveCfg = Release|Win32
		{B2EDBDFC-7484-4CCD-B201-FF600407E002}.Release|x86.Build.0 = Release|Win32
		{3C85D732-5C22-4F0B-82A0-791E99E1C623}.Debug|x64.ActiveCfg = Debug|x64
		{3C85D732-5C22-4F0B-82A0-791E99E1C623}.Debug|x64.Build.0 = Debug|x64
		{3C85D732-5C22-4F0B-82A0-791E99E1C623}.Debug|x86.ActiveCfg = Debug|Win32
		{3C85D732-5C22-4F0B-82A0-791E99E1C623}.Debug|x86.Build.0 = Debug|Win32
		{3C85D732-5C22-4F0B-82A0-791E99E1C623}.Release|x64.ActiveCfg = Release|x64
		{3C85D732-5C22-4F0B-82A0-791E99E1C623}.Release|x64.Build.0 = Release|x64
		{3C85D732-5C22-4F0B-82A0-791E99E1C623}.Release|x86.ActiveCfg = Release|Win32
		{3C85D732-5C22-4F0B-82A0-791E99E1C623}.Release|x86.Build.0 = Release|Win32
		{22F0BF5F-53FE-45B7-BAA1-07D72B09865F}.Debug|x64.ActiveCfg = Debug|x64
		{22F0BF5F-53FE-45B7-BAA1-07D72B09865F}.Debug|x64.Build.0 = Debug|x64
		{22F0BF5F-53FE-45B7-BAA1-07D72B09865F}.Debug|x86.ActiveCfg = Debug|Win32
		{22F0BF5F-53FE-45B7-BAA1-07D72B09865F}.Debug|x86.Build.0 = Debug|Win32
		{22F0BF5F-53FE-45B7-BAA1-07D72B09865F}.Release|x64.ActiveCfg = Release|x64
		{22F0BF5F-53FE-45B7-BAA1-07D72B09865F}.Release|x64.Build.0 = Release|x64
		{22F0BF5F-53FE-45B7-BAA1-07D72B09865F}.Release|x86.ActiveCfg = Release|Win32
		{22F0BF5F-53FE-45B7-BAA1-07D72B09865F}.Release|x86.Build.0 = Release|Win32
	EndGlobalSection
	GlobalSection(SolutionProperties) = preSolution
		HideSolutionNode = FALSE
	EndGlobalSection
	GlobalSection(ExtensibilityGlobals) = postSolution
		SolutionGuid = {9493F4AE-88DA-4A13-8BE4-166CDF977514}
	EndGlobalSection
EndGlobal
